
Microsoft Visual Studio Solution File, Format Version 12.00
# Visual Studio Version 16
VisualStudioVersion = 16.0.30611.23
MinimumVisualStudioVersion = 10.0.40219.1
Project("{FAE04EC0-301F-11D3-BF4B-00C04F79EFBC}") = "View", "View\View.csproj", "{28B04847-0772-4C84-8839-BFA366ED3C33}"
EndProject
Project("{FAE04EC0-301F-11D3-BF4B-00C04F79EFBC}") = "Musica.DAL", "Musica.DAL\Musica.DAL.csproj", "{14725192-C450-4BF8-8C57-47C857720B61}"
EndProject
Global
	GlobalSection(SolutionConfigurationPlatforms) = preSolution
		Debug|Any CPU = Debug|Any CPU
		Release|Any CPU = Release|Any CPU
	EndGlobalSection
	GlobalSection(ProjectConfigurationPlatforms) = postSolution
		{28B04847-0772-4C84-8839-BFA366ED3C33}.Debug|Any CPU.ActiveCfg = Debug|Any CPU
		{28B04847-0772-4C84-8839-BFA366ED3C33}.Debug|Any CPU.Build.0 = Debug|Any CPU
		{28B04847-0772-4C84-8839-BFA366ED3C33}.Release|Any CPU.ActiveCfg = Release|Any CPU
		{28B04847-0772-4C84-8839-BFA366ED3C33}.Release|Any CPU.Build.0 = Release|Any CPU
		{14725192-C450-4BF8-8C57-47C857720B61}.Debug|Any CPU.ActiveCfg = Debug|Any CPU
		{14725192-C450-4BF8-8C57-47C857720B61}.Debug|Any CPU.Build.0 = Debug|Any CPU
		{14725192-C450-4BF8-8C57-47C857720B61}.Release|Any CPU.ActiveCfg = Release|Any CPU
		{14725192-C450-4BF8-8C57-47C857720B61}.Release|Any CPU.Build.0 = Release|Any CPU
	EndGlobalSection
	GlobalSection(SolutionProperties) = preSolution
		HideSolutionNode = FALSE
	EndGlobalSection
	GlobalSection(ExtensibilityGlobals) = postSolution
		SolutionGuid = {E84CD5D3-BE6D-4F95-8DC4-9AACC7C6F692}
	EndGlobalSection
EndGlobal
